PODS:
  - Alamofire (4.5.0)
  - AlamofireImage (3.2.0):
    - Alamofire (~> 4.1)

DEPENDENCIES:
  - Alamofire
  - AlamofireImage

SPEC CHECKSUMS:
  Alamofire: f28cdffd29de33a7bfa022cbd63ae95a27fae140
  AlamofireImage: 157ed682cc81d3b9db4fb90c1f12180ac552d93b

PODFILE CHECKSUM: 998c2a2e631f4eb7b1804127e02dcb2064927582

COCOAPODS: 1.1.1
